{
    "_meta": {
        "hash": {
            "sha256": "2247f920c03c60f4973fa1a6c40f443ad559deadacc81cefc93cf5b4243723ac"
        },
        "pipfile-spec": 6,
        "requires": {
            "python_version": "3.8"
        },
        "sources": [
            {
                "name": "pypi",
                "url": "https://pypi.org/simple",
                "verify_ssl": true
            }
        ]
    },
    "default": {
        "asgiref": {
            "hashes": [
                "sha256:8036f90603c54e93521e5777b2b9a39ba1bad05773fcf2d208f0299d1df58ce5",
                "sha256:9ca8b952a0a9afa61d30aa6d3d9b570bb3fd6bafcf7ec9e6bed43b936133db1c"
            ],
            "version": "==3.2.7"
        },
        "certifi": {
            "hashes": [
                "sha256:1d987a998c75633c40847cc966fcf5904906c920a7f17ef374f5aa4282abd304",
                "sha256:51fcb31174be6e6664c5f69e3e1691a2d72a1a12e90f872cbdb1567eb47b6519"
            ],
            "version": "==2020.4.5.1"
        },
        "django": {
            "hashes": [
                "sha256:5052b34b34b3425233c682e0e11d658fd6efd587d11335a0203d827224ada8f2",
                "sha256:e1630333248c9b3d4e38f02093a26f1e07b271ca896d73097457996e0fae12e8"
            ],
            "index": "pypi",
            "version": "==3.0.7"
        },
        "django-admin-sortable": {
            "hashes": [
                "sha256:8d982accd87a2136bfe2faf38ab74271724d1edd3631b9cd97fae54e7694224c",
                "sha256:941cb01f41da3d38e6c1a8d6e483d256cca1486ead20e7d3a113779715b3d4cd"
            ],
            "version": "==2.2.3"
        },
        "django-appconf": {
            "hashes": [
                "sha256:1b1d0e1069c843ebe8ae5aa48ec52403b1440402b320c3e3a206a0907e97bb06",
                "sha256:be58deb54a43d77d2e1621fe59f787681376d3cd0b8bd8e4758ef6c3a6453380"
            ],
            "version": "==1.0.4"
        },
        "django-ckeditor": {
            "hashes": [
                "sha256:71c3c7bb46b0cbfb9712ef64af0d2a406eab233f44ecd7c42c24bdfa39ae3bde",
                "sha256:e4d112851a72c5bf8b586e1c674d34084cab16d28f2553ad15cc770d1e9639c7"
            ],
            "version": "==5.9.0"
        },
        "django-colorful": {
            "hashes": [
                "sha256:49d3feefdabdf6a22931c12ce1ed0cbb4596e7754e66bd55c0f362c0a369e5cb",
                "sha256:fd246f2fb297ed074dc4349966d33a1c82d0308b7fb0d6ef6e2e76b90cefffb7"
            ],
            "version": "==1.3"
        },
        "django-editor-ymaps": {
            "hashes": [
                "sha256:5dce9e601839458141f58a174de0b8f42079f82f0e0f4b9eb8ec113038ab2610"
            ],
            "index": "pypi",
            "version": "==2.1.15"
        },
        "django-imagekit": {
            "hashes": [
                "sha256:304c3379f6a5cac387e47ace11195a603ad3cb01e3e951b45489824d25b00359",
                "sha256:6ec0afb77cdf52cd453c9fc2c10ef350d111edfd6ce53c5977aa8a0e22cee00c"
            ],
            "version": "==4.0.2"
        },
        "django-ipware": {
            "hashes": [
                "sha256:a7c7a8fd019dbdc9c357e6e582f65034e897572fc79a7e467674efa8aef9d00b"
            ],
            "version": "==2.1.0"
        },
        "django-js-asset": {
            "hashes": [
                "sha256:8ec12017f26eec524cab436c64ae73033368a372970af4cf42d9354fcb166bdd",
                "sha256:c163ae80d2e0b22d8fb598047cd0dcef31f81830e127cfecae278ad574167260"
            ],
            "version": "==1.2.2"
        },
        "jplephem": {
            "hashes": [
                "sha256:316aa8ebb6d13fd2158c06b2709bcde382d04bf63bb1e48d0bce89937088c6e3"
            ],
            "version": "==2.14"
        },
        "lunardate": {
            "hashes": [
                "sha256:5619d625809ebcaa673c4e321cd1ea82e649e9bb47e42e6479fe15bbc2b5bffe",
                "sha256:6c9c96d9f01522a10ab35df1a9b48707ae64a086f13fd34498b43f465918cc6f",
                "sha256:838e84b95d185a12f8bd0c5bdd74864be52d55436bed56927fdc91f4d21ad6b6"
            ],
            "version": "==0.2.0"
        },
        "lxml": {
            "hashes": [
                "sha256:06748c7192eab0f48e3d35a7adae609a329c6257495d5e53878003660dc0fec6",
                "sha256:0790ddca3f825dd914978c94c2545dbea5f56f008b050e835403714babe62a5f",
                "sha256:1aa7a6197c1cdd65d974f3e4953764eee3d9c7b67e3966616b41fab7f8f516b7",
                "sha256:22c6d34fdb0e65d5f782a4d1a1edb52e0a8365858dafb1c08cb1d16546cf0786",
                "sha256:2754d4406438c83144f9ffd3628bbe2dcc6d62b20dbc5c1ec4bc4385e5d44b42",
                "sha256:27ee0faf8077c7c1a589573b1450743011117f1aa1a91d5ae776bbc5ca6070f2",
                "sha256:2b02c106709466a93ed424454ce4c970791c486d5fcdf52b0d822a7e29789626",
                "sha256:2d1ddce96cf15f1254a68dba6935e6e0f1fe39247de631c115e84dd404a6f031",
                "sha256:4f282737d187ae723b2633856085c31ae5d4d432968b7f3f478a48a54835f5c4",
                "sha256:51bb4edeb36d24ec97eb3e6a6007be128b720114f9a875d6b370317d62ac80b9",
                "sha256:7eee37c1b9815e6505847aa5e68f192e8a1b730c5c7ead39ff317fde9ce29448",
                "sha256:7fd88cb91a470b383aafad554c3fe1ccf6dfb2456ff0e84b95335d582a799804",
                "sha256:9144ce36ca0824b29ebc2e02ca186e54040ebb224292072250467190fb613b96",
                "sha256:925baf6ff1ef2c45169f548cc85204433e061360bfa7d01e1be7ae38bef73194",
                "sha256:a636346c6c0e1092ffc202d97ec1843a75937d8c98aaf6771348ad6422e44bb0",
                "sha256:a87dbee7ad9dce3aaefada2081843caf08a44a8f52e03e0a4cc5819f8398f2f4",
                "sha256:a9e3b8011388e7e373565daa5e92f6c9cb844790dc18e43073212bb3e76f7007",
                "sha256:afb53edf1046599991fb4a7d03e601ab5f5422a5435c47ee6ba91ec3b61416a6",
                "sha256:b26719890c79a1dae7d53acac5f089d66fd8cc68a81f4e4bd355e45470dc25e1",
                "sha256:b7462cdab6fffcda853338e1741ce99706cdf880d921b5a769202ea7b94e8528",
                "sha256:b77975465234ff49fdad871c08aa747aae06f5e5be62866595057c43f8d2f62c",
                "sha256:c47a8a5d00060122ca5908909478abce7bbf62d812e3fc35c6c802df8fb01fe7",
                "sha256:c79e5debbe092e3c93ca4aee44c9a7631bdd407b2871cb541b979fd350bbbc29",
                "sha256:d8d40e0121ca1606aa9e78c28a3a7d88a05c06b3ca61630242cded87d8ce55fa",
                "sha256:ee2be8b8f72a2772e72ab926a3bccebf47bb727bda41ae070dc91d1fb759b726",
                "sha256:f95d28193c3863132b1f55c1056036bf580b5a488d908f7d22a04ace8935a3a9",
                "sha256:fadd2a63a2bfd7fb604508e553d1cf68eca250b2fbdbd81213b5f6f2fbf23529"
            ],
            "version": "==4.5.1"
        },
        "numpy": {
            "hashes": [
                "sha256:0172304e7d8d40e9e49553901903dc5f5a49a703363ed756796f5808a06fc233",
                "sha256:34e96e9dae65c4839bd80012023aadd6ee2ccb73ce7fdf3074c62f301e63120b",
                "sha256:3676abe3d621fc467c4c1469ee11e395c82b2d6b5463a9454e37fe9da07cd0d7",
                "sha256:3dd6823d3e04b5f223e3e265b4a1eae15f104f4366edd409e5a5e413a98f911f",
                "sha256:4064f53d4cce69e9ac613256dc2162e56f20a4e2d2086b1956dd2fcf77b7fac5",
                "sha256:4674f7d27a6c1c52a4d1aa5f0881f1eff840d2206989bae6acb1c7668c02ebfb",
                "sha256:7d42ab8cedd175b5ebcb39b5208b25ba104842489ed59fbb29356f671ac93583",
                "sha256:965df25449305092b23d5145b9bdaeb0149b6e41a77a7d728b1644b3c99277c1",
                "sha256:9c9d6531bc1886454f44aa8f809268bc481295cf9740827254f53c30104f074a",
                "sha256:a78e438db8ec26d5d9d0e584b27ef25c7afa5a182d1bf4d05e313d2d6d515271",
                "sha256:a7acefddf994af1aeba05bbbafe4ba983a187079f125146dc5859e6d817df824",
                "sha256:a87f59508c2b7ceb8631c20630118cc546f1f815e034193dc72390db038a5cb3",
                "sha256:ac792b385d81151bae2a5a8adb2b88261ceb4976dbfaaad9ce3a200e036753dc",
                "sha256:b03b2c0badeb606d1232e5f78852c102c0a7989d3a534b3129e7856a52f3d161",
                "sha256:b39321f1a74d1f9183bf1638a745b4fd6fe80efbb1f6b32b932a588b4bc7695f",
                "sha256:cae14a01a159b1ed91a324722d746523ec757357260c6804d11d6147a9e53e3f",
                "sha256:cd49930af1d1e49a812d987c2620ee63965b619257bd76eaaa95870ca08837cf",
                "sha256:e15b382603c58f24265c9c931c9a45eebf44fe2e6b4eaedbb0d025ab3255228b",
                "sha256:e91d31b34fc7c2c8f756b4e902f901f856ae53a93399368d9a0dc7be17ed2ca0",
                "sha256:ef627986941b5edd1ed74ba89ca43196ed197f1a206a3f18cc9faf2fb84fd675",
                "sha256:f718a7949d1c4f622ff548c572e0c03440b49b9531ff00e4ed5738b459f011e8"
            ],
            "version": "==1.18.5"
        },
        "pilkit": {
            "hashes": [
                "sha256:ddb30c2f0198a147e56b151476c3bb9fe045fbfd5b0a0fa2a3148dba62d1559f"
            ],
            "version": "==2.0"
        },
        "pillow": {
            "hashes": [
                "sha256:04766c4930c174b46fd72d450674612ab44cca977ebbcc2dde722c6933290107",
                "sha256:0e2a3bceb0fd4e0cb17192ae506d5f082b309ffe5fc370a5667959c9b2f85fa3",
                "sha256:0f01e63c34f0e1e2580cc0b24e86a5ccbbfa8830909a52ee17624c4193224cd9",
                "sha256:12e4bad6bddd8546a2f9771485c7e3d2b546b458ae8ff79621214119ac244523",
                "sha256:1f694e28c169655c50bb89a3fa07f3b854d71eb47f50783621de813979ba87f3",
                "sha256:3d25dd8d688f7318dca6d8cd4f962a360ee40346c15893ae3b95c061cdbc4079",
                "sha256:4b02b9c27fad2054932e89f39703646d0c543f21d3cc5b8e05434215121c28cd",
                "sha256:9744350687459234867cbebfe9df8f35ef9e1538f3e729adbd8fde0761adb705",
                "sha256:a0b49960110bc6ff5fead46013bcb8825d101026d466f3a4de3476defe0fb0dd",
                "sha256:ae2b270f9a0b8822b98655cb3a59cdb1bd54a34807c6c56b76dd2e786c3b7db3",
                "sha256:b37bb3bd35edf53125b0ff257822afa6962649995cbdfde2791ddb62b239f891",
                "sha256:b532bcc2f008e96fd9241177ec580829dee817b090532f43e54074ecffdcd97f",
                "sha256:b67a6c47ed963c709ed24566daa3f95a18f07d3831334da570c71da53d97d088",
                "sha256:b943e71c2065ade6fef223358e56c167fc6ce31c50bc7a02dd5c17ee4338e8ac",
                "sha256:ccc9ad2460eb5bee5642eaf75a0438d7f8887d484490d5117b98edd7f33118b7",
                "sha256:d23e2aa9b969cf9c26edfb4b56307792b8b374202810bd949effd1c6e11ebd6d",
                "sha256:eaa83729eab9c60884f362ada982d3a06beaa6cc8b084cf9f76cae7739481dfa",
                "sha256:ee94fce8d003ac9fd206496f2707efe9eadcb278d94c271f129ab36aa7181344",
                "sha256:f455efb7a98557412dc6f8e463c1faf1f1911ec2432059fa3e582b6000fc90e2",
                "sha256:f46e0e024346e1474083c729d50de909974237c72daca05393ee32389dabe457",
                "sha256:f54be399340aa602066adb63a86a6a5d4f395adfdd9da2b9a0162ea808c7b276",
                "sha256:f784aad988f12c80aacfa5b381ec21fd3f38f851720f652b9f33facc5101cf4d"
            ],
            "index": "pypi",
            "version": "==7.1.2"
        },
        "psycopg2": {
            "hashes": [
                "sha256:132efc7ee46a763e68a815f4d26223d9c679953cd190f1f218187cb60decf535",
                "sha256:2327bf42c1744a434ed8ed0bbaa9168cac7ee5a22a9001f6fc85c33b8a4a14b7",
                "sha256:27c633f2d5db0fc27b51f1b08f410715b59fa3802987aec91aeb8f562724e95c",
                "sha256:2c0afb40cfb4d53487ee2ebe128649028c9a78d2476d14a67781e45dc287f080",
                "sha256:2df2bf1b87305bd95eb3ac666ee1f00a9c83d10927b8144e8e39644218f4cf81",
                "sha256:440a3ea2c955e89321a138eb7582aa1d22fe286c7d65e26a2c5411af0a88ae72",
                "sha256:6a471d4d2a6f14c97a882e8d3124869bc623f3df6177eefe02994ea41fd45b52",
                "sha256:6b306dae53ec7f4f67a10942cf8ac85de930ea90e9903e2df4001f69b7833f7e",
                "sha256:a0984ff49e176062fcdc8a5a2a670c9bb1704a2f69548bce8f8a7bad41c661bf",
                "sha256:ac5b23d0199c012ad91ed1bbb971b7666da651c6371529b1be8cbe2a7bf3c3a9",
                "sha256:acf56d564e443e3dea152efe972b1434058244298a94348fc518d6dd6a9fb0bb",
                "sha256:d3b29d717d39d3580efd760a9a46a7418408acebbb784717c90d708c9ed5f055",
                "sha256:f7d46240f7a1ae1dd95aab38bd74f7428d46531f69219954266d669da60c0818"
            ],
            "index": "pypi",
            "version": "==2.8.5"
        },
        "pycalverter": {
            "hashes": [
                "sha256:91e26c5d06dfe1495e5b946a724ae691e57ea634ee4a9529a7952b837c041111"
            ],
            "version": "==1.6.1"
        },
        "pyluach": {
            "hashes": [
                "sha256:16ced11ba9dd286c015f8875fe724316ca223e3faa49ef0b2153e682122d2307",
                "sha256:fed9319cfb193a47c25d5208f75b94b9d659ca73b20364b08ffc9ff9b011b747"
            ],
            "version": "==1.1.0"
        },
        "python-dateutil": {
            "hashes": [
                "sha256:73ebfe9dbf22e832286dafa60473e4cd239f8592f699aa5adaf10050e6e1823c",
                "sha256:75bb3f31ea686f1197762692a9ee6a7550b59fc6ca3a1f4b5d7e32fb98e2da2a"
            ],
            "version": "==2.8.1"
        },
        "python-slugify": {
            "hashes": [
                "sha256:a8fc3433821140e8f409a9831d13ae5deccd0b033d4744d94b31fea141bdd84c"
            ],
            "version": "==4.0.0"
        },
        "pytz": {
            "hashes": [
                "sha256:a494d53b6d39c3c6e44c3bec237336e14305e4f29bbf800b599253057fbb79ed",
                "sha256:c35965d010ce31b23eeb663ed3cc8c906275d6be1a34393a1d73a41febf4a048"
            ],
            "version": "==2020.1"
        },
        "sgp4": {
            "hashes": [
                "sha256:3595466fbd006dec08aaf84025fcf98377287694ca5a96d4369f61e300744beb",
                "sha256:3629144383a525e6a46125077c7620ca633295c6d67c20c1e1a412aa5512d024",
                "sha256:379d64fcc5f7f501a3df429862f023a8c8e3d6d49da93b2dde850339479eb3e3",
                "sha256:3e40984940b9bd85d5f9213c3afd44f5c2e0a1615971512076a272786f7c3fbb",
                "sha256:40a518f33654e433e96b10e94faca54f3843d25586b590203acddccf10af5aae",
                "sha256:42afce00a42bd3c0d0167d13372ab0690ba29d48aa12cbb6bd100d97dea8c4ef",
                "sha256:447d46d96819cf29d3abb14b740f9ecb254d5f564b3f08340fea1644b842f481",
                "sha256:591798c1017f3aab50a676a12f351d24b14d09861cf5e6123ad47941e42551b8",
                "sha256:5fa559d1e00feecfe14e02569acc172b82c0f92860e590cd008e288ebfae7704",
                "sha256:642055353eade320e95a4eac38451ed915cfdff1656800d4d33fd31e4e6cf0b4",
                "sha256:73ca97c6e12377d010b0a8dfb836d7039bae29d570ccd947b21f8e24f3f7a47c",
                "sha256:7df35d8fb617fe582706cc8fb3d142005cfd31904956e4ce9b4e995562bacc36",
                "sha256:85a4f15bdf0c32a7531c10eb0bd1a13aa5ba750e8796dc767bb620a8249ed26b",
                "sha256:88365525c398453af32dd27c3bbe53fb8748fe0e1ada0495456cb144d4d17aeb",
                "sha256:96dd1ca30860b7cdca466277dd250247b723624501a78b690d53726d8162ea2e",
                "sha256:9e18bbeb53fd10b20826bcd304e15811b6831bdc6df2730951245f694df6da40",
                "sha256:a3fe5ed891ed76cb3e1bdb67fc6d88a52fc4d24b7d092f36d5a25f9a8905f80e",
                "sha256:a82018f2725fee2b6b8244946a164a7dc6eb71e80e0f82e8a561c0368884ce37",
                "sha256:ab6b35bab23ab9b238991e043b0dc438c266edfd23d2719903cb75220d7322ff",
                "sha256:aea5039f2011de16f2f7eb4f5093375df920a45f6e4f613a02ec1b326cb79f97",
                "sha256:b56b4d1ee1406514a5cbcf883fce4147533b27f517df63c2cca95cbbb58c5364",
                "sha256:ba66b758540ae35843e79f81385795d2696a91e1a97e75c71c9d62d576946e16",
                "sha256:bf1dd7e82f6b411bad6c017606a01f4f4521b8209244298145eeba4c2ef71eee",
                "sha256:c4d3d5916806395ac5f16a1bfdde9802c7b39eb214e42ef078a804b8d5905bee",
                "sha256:d4b6ea6be73fb4ec7766d30f5c867c8c7e965bfa7bd423b3a5d6f7b41274b77e",
                "sha256:d768760496dace4f8faa6b85be52133160a33f5123406d7a4bb52a7d17950f7a",
                "sha256:d7e786175e59c0cdd6d3749610c943825556f6be5d8f925e46c6a8b86d9f5b67",
                "sha256:e666126642a0cddc1d55d7f15cad1fbf89539df317db74bc3eee675e84752108",
                "sha256:e6c55d465b7571756b0e91bf9eb316bf021a519bccc0d0c9526178a7988df1f5",
                "sha256:f59c75c22eb852cb961a6a9518fcaaa2c4a61e3cfd2899f0b2502c84d5ad3b01"
            ],
            "version": "==2.12"
        },
        "six": {
            "hashes": [
                "sha256:30639c035cdb23534cd4aa2dd52c3bf48f06e5f4a941509c8bafd8ce11080259",
                "sha256:8b74bedcbbbaca38ff6d7491d76f2b06b3592611af620f8426e82dddb04a5ced"
            ],
            "version": "==1.15.0"
        },
        "skyfield": {
            "hashes": [
                "sha256:14991dde6464dfa1c34479f6b274c07f2e84323b3a751faed62dd676b7bf69ce"
            ],
            "version": "==1.21"
        },
        "skyfield-data": {
            "hashes": [
                "sha256:79dc82fea5455e67b799481d96a71c7f558d972047b10a12d02ed26bfaa3bb7f",
                "sha256:c60025ca4e7525963b17167cb404cae4defd6e6fcc1e31f1ffb2bdb0b79a469a"
            ],
            "version": "==1.1.0"
        },
        "sqlparse": {
            "hashes": [
                "sha256:022fb9c87b524d1f7862b3037e541f68597a730a8843245c349fc93e1643dc4e",
                "sha256:e162203737712307dfe78860cc56c8da8a852ab2ee33750e33aeadf38d12c548"
            ],
            "version": "==0.3.1"
        },
        "text-unidecode": {
            "hashes": [
                "sha256:1311f10e8b895935241623731c2ba64f4c455287888b18189350b67134a822e8",
                "sha256:bad6603bb14d279193107714b288be206cac565dfa49aa5b105294dd5c4aab93"
            ],
            "version": "==1.3"
        },
        "workalendar": {
            "hashes": [
                "sha256:00aa0d1d054c4399fd397541c30eface28abc40393ffcebf2c5d48e5268e3a5f",
                "sha256:c84f8fab28e627296ce9e6f8ee213f92ba9bc43808bad99e1f6aac9d2f184c85"
            ],
            "index": "pypi",
            "version": "==9.0.0"
        }
    },
    "develop": {}
}
